
Microsoft Visual Studio Solution File, Format Version 12.00
# Visual Studio Version 16
VisualStudioVersion = 16.0.31911.196
MinimumVisualStudioVersion = 10.0.40219.1
Project("{9A19103F-16F7-4668-BE54-9A1E7A4F7556}") = "FoodOrder.API", "FoodOrder.API\FoodOrder.API.csproj", "{D79B8D65-DCFF-4D40-BAAB-F68D40CFDF3E}"
EndProject
Project("{9A19103F-16F7-4668-BE54-9A1E7A4F7556}") = "FoodOrder.Entity", "FoodOrder.Entity\FoodOrder.Entity.csproj", "{819C3DCD-13A0-4777-9619-794023ED44BB}"
EndProject
Project("{9A19103F-16F7-4668-BE54-9A1E7A4F7556}") = "FoodOrder.Application", "FoodOrder.Application\FoodOrder.Application.csproj", "{B56B1ABA-DBA7-4A88-AB9D-62A32856BA14}"
EndProject
Project("{9A19103F-16F7-4668-BE54-9A1E7A4F7556}") = "FoodOrder.Infrastructure", "FoodOrder.Infrastructure\FoodOrder.Infrastructure.csproj", "{7782462F-2325-484F-948A-D1E6C0AAF4E3}"
EndProject
Global
	GlobalSection(SolutionConfigurationPlatforms) = preSolution
		Debug|Any CPU = Debug|Any CPU
		Release|Any CPU = Release|Any CPU
	EndGlobalSection
	GlobalSection(ProjectConfigurationPlatforms) = postSolution
		{D79B8D65-DCFF-4D40-BAAB-F68D40CFDF3E}.Debug|Any CPU.ActiveCfg = Debug|Any CPU
		{D79B8D65-DCFF-4D40-BAAB-F68D40CFDF3E}.Debug|Any CPU.Build.0 = Debug|Any CPU
		{D79B8D65-DCFF-4D40-BAAB-F68D40CFDF3E}.Release|Any CPU.ActiveCfg = Release|Any CPU
		{D79B8D65-DCFF-4D40-BAAB-F68D40CFDF3E}.Release|Any CPU.Build.0 = Release|Any CPU
		{819C3DCD-13A0-4777-9619-794023ED44BB}.Debug|Any CPU.ActiveCfg = Debug|Any CPU
		{819C3DCD-13A0-4777-9619-794023ED44BB}.Debug|Any CPU.Build.0 = Debug|Any CPU
		{819C3DCD-13A0-4777-9619-794023ED44BB}.Release|Any CPU.ActiveCfg = Release|Any CPU
		{819C3DCD-13A0-4777-9619-794023ED44BB}.Release|Any CPU.Build.0 = Release|Any CPU
		{B56B1ABA-DBA7-4A88-AB9D-62A32856BA14}.Debug|Any CPU.ActiveCfg = Debug|Any CPU
		{B56B1ABA-DBA7-4A88-AB9D-62A32856BA14}.Debug|Any CPU.Build.0 = Debug|Any CPU
		{B56B1ABA-DBA7-4A88-AB9D-62A32856BA14}.Release|Any CPU.ActiveCfg = Release|Any CPU
		{B56B1ABA-DBA7-4A88-AB9D-62A32856BA14}.Release|Any CPU.Build.0 = Release|Any CPU
		{7782462F-2325-484F-948A-D1E6C0AAF4E3}.Debug|Any CPU.ActiveCfg = Debug|Any CPU
		{7782462F-2325-484F-948A-D1E6C0AAF4E3}.Debug|Any CPU.Build.0 = Debug|Any CPU
		{7782462F-2325-484F-948A-D1E6C0AAF4E3}.Release|Any CPU.ActiveCfg = Release|Any CPU
		{7782462F-2325-484F-948A-D1E6C0AAF4E3}.Release|Any CPU.Build.0 = Release|Any CPU
	EndGlobalSection
	GlobalSection(SolutionProperties) = preSolution
		HideSolutionNode = FALSE
	EndGlobalSection
	GlobalSection(ExtensibilityGlobals) = postSolution
		SolutionGuid = {1BEC30CB-8A2C-4589-9AFF-ADB477FC97A3}
	EndGlobalSection
EndGlobal
